github.com/mitchellh/go-homedir v1.1.0/go.mod h1:SfyaCUpYCn1Vlf4IUYiD9fPX4A5wJrkLzIz1N1q0pr0=
github.com/modulo-srl/mu-config v0.0.0-20200930120109-15a64c77bbf0 h1:GRUgFsK2FzXbFo4DHafehqcyEra9UzVcfWUc85szglc=
github.com/modulo-srl/mu-config v0.0.0-20200930120109-15a64c77bbf0/go.mod h1:bCld3v2feJiCJxUH/1nI1Wp7UmzkKeZHStYz0tqRj5o=
gitlab.com/c0b/go-ordered-json v0.0.0-20171130231205-49bbdab258c2 h1:M+r1hdmjZc4L4SCn0ZIq/5YQIRxprV+kOf7n7f04l5o=
gitlab.com/c0b/go-ordered-json v0.0.0-20171130231205-49bbdab258c2/go.mod h1:NREvu3a57BaK0R1+ztrEzHWiZAihohNLQ6trPxlIqZI=
